
Microsoft Visual Studio Solution File, Format Version 12.00
Project("{F2A71F9B-5D33-465A-A702-920D77279786}") = "day-1", "day-1\day-1.fsproj", "{11D59EF4-4CC4-46B4-919F-404579BF6EAB}"
EndProject
Project("{F2A71F9B-5D33-465A-A702-920D77279786}") = "day-2", "day-2\day-2.fsproj", "{51BB7D51-9412-4E61-B885-2B5FF76475E5}"
EndProject
Project("{F2A71F9B-5D33-465A-A702-920D77279786}") = "day-3", "day-3\day-3.fsproj", "{288E5E8E-7B90-4921-995E-D8CD97A8B45A}"
EndProject
Project("{F2A71F9B-5D33-465A-A702-920D77279786}") = "day-4", "day-4\day-4.fsproj", "{8EDC4126-1B2E-4210-9512-6A4DDF8DE1AA}"
EndProject
Project("{F2A71F9B-5D33-465A-A702-920D77279786}") = "day-5", "day-5\day-5.fsproj", "{29699BA4-E148-405C-9EA4-7A25EC317E9A}"
EndProject
Project("{F2A71F9B-5D33-465A-A702-920D77279786}") = "day-6", "day-6\day-6.fsproj", "{A5A7D947-8C43-47D4-A526-6FB30783E4D6}"
EndProject
Global
	GlobalSection(SolutionConfigurationPlatforms) = preSolution
		Debug|Any CPU = Debug|Any CPU
		Release|Any CPU = Release|Any CPU
	EndGlobalSection
	GlobalSection(ProjectConfigurationPlatforms) = postSolution
		{11D59EF4-4CC4-46B4-919F-404579BF6EAB}.Debug|Any CPU.ActiveCfg = Debug|Any CPU
		{11D59EF4-4CC4-46B4-919F-404579BF6EAB}.Debug|Any CPU.Build.0 = Debug|Any CPU
		{11D59EF4-4CC4-46B4-919F-404579BF6EAB}.Release|Any CPU.ActiveCfg = Release|Any CPU
		{11D59EF4-4CC4-46B4-919F-404579BF6EAB}.Release|Any CPU.Build.0 = Release|Any CPU
		{51BB7D51-9412-4E61-B885-2B5FF76475E5}.Debug|Any CPU.ActiveCfg = Debug|Any CPU
		{51BB7D51-9412-4E61-B885-2B5FF76475E5}.Debug|Any CPU.Build.0 = Debug|Any CPU
		{51BB7D51-9412-4E61-B885-2B5FF76475E5}.Release|Any CPU.ActiveCfg = Release|Any CPU
		{51BB7D51-9412-4E61-B885-2B5FF76475E5}.Release|Any CPU.Build.0 = Release|Any CPU
		{288E5E8E-7B90-4921-995E-D8CD97A8B45A}.Debug|Any CPU.ActiveCfg = Debug|Any CPU
		{288E5E8E-7B90-4921-995E-D8CD97A8B45A}.Debug|Any CPU.Build.0 = Debug|Any CPU
		{288E5E8E-7B90-4921-995E-D8CD97A8B45A}.Release|Any CPU.ActiveCfg = Release|Any CPU
		{288E5E8E-7B90-4921-995E-D8CD97A8B45A}.Release|Any CPU.Build.0 = Release|Any CPU
		{8EDC4126-1B2E-4210-9512-6A4DDF8DE1AA}.Debug|Any CPU.ActiveCfg = Debug|Any CPU
		{8EDC4126-1B2E-4210-9512-6A4DDF8DE1AA}.Debug|Any CPU.Build.0 = Debug|Any CPU
		{8EDC4126-1B2E-4210-9512-6A4DDF8DE1AA}.Release|Any CPU.ActiveCfg = Release|Any CPU
		{8EDC4126-1B2E-4210-9512-6A4DDF8DE1AA}.Release|Any CPU.Build.0 = Release|Any CPU
		{29699BA4-E148-405C-9EA4-7A25EC317E9A}.Debug|Any CPU.ActiveCfg = Debug|Any CPU
		{29699BA4-E148-405C-9EA4-7A25EC317E9A}.Debug|Any CPU.Build.0 = Debug|Any CPU
		{29699BA4-E148-405C-9EA4-7A25EC317E9A}.Release|Any CPU.ActiveCfg = Release|Any CPU
		{29699BA4-E148-405C-9EA4-7A25EC317E9A}.Release|Any CPU.Build.0 = Release|Any CPU
		{A5A7D947-8C43-47D4-A526-6FB30783E4D6}.Debug|Any CPU.ActiveCfg = Debug|Any CPU
		{A5A7D947-8C43-47D4-A526-6FB30783E4D6}.Debug|Any CPU.Build.0 = Debug|Any CPU
		{A5A7D947-8C43-47D4-A526-6FB30783E4D6}.Release|Any CPU.ActiveCfg = Release|Any CPU
		{A5A7D947-8C43-47D4-A526-6FB30783E4D6}.Release|Any CPU.Build.0 = Release|Any CPU
	EndGlobalSection
EndGlobal
